
Microsoft Visual Studio Solution File, Format Version 12.00
# Visual Studio Version 17
VisualStudioVersion = 17.7.34024.191
MinimumVisualStudioVersion = 10.0.40219.1
Project("{FAE04EC0-301F-11D3-BF4B-00C04F79EFBC}") = "Automovilismo", "Automovilismo\Automovilismo.csproj", "{D5A41FFB-A1B7-4915-959A-3BFBC2F6C885}"
EndProject
Project("{FAE04EC0-301F-11D3-BF4B-00C04F79EFBC}") = "EnciendanSusMotores", "EnciendanSusMotores\EnciendanSusMotores.csproj", "{3EB8C4A2-1A88-46BB-BBF0-AEE617BF0F02}"
EndProject
Global
	GlobalSection(SolutionConfigurationPlatforms) = preSolution
		Debug|Any CPU = Debug|Any CPU
		Release|Any CPU = Release|Any CPU
	EndGlobalSection
	GlobalSection(ProjectConfigurationPlatforms) = postSolution
		{D5A41FFB-A1B7-4915-959A-3BFBC2F6C885}.Debug|Any CPU.ActiveCfg = Debug|Any CPU
		{D5A41FFB-A1B7-4915-959A-3BFBC2F6C885}.Debug|Any CPU.Build.0 = Debug|Any CPU
		{D5A41FFB-A1B7-4915-959A-3BFBC2F6C885}.Release|Any CPU.ActiveCfg = Release|Any CPU
		{D5A41FFB-A1B7-4915-959A-3BFBC2F6C885}.Release|Any CPU.Build.0 = Release|Any CPU
		{3EB8C4A2-1A88-46BB-BBF0-AEE617BF0F02}.Debug|Any CPU.ActiveCfg = Debug|Any CPU
		{3EB8C4A2-1A88-46BB-BBF0-AEE617BF0F02}.Debug|Any CPU.Build.0 = Debug|Any CPU
		{3EB8C4A2-1A88-46BB-BBF0-AEE617BF0F02}.Release|Any CPU.ActiveCfg = Release|Any CPU
		{3EB8C4A2-1A88-46BB-BBF0-AEE617BF0F02}.Release|Any CPU.Build.0 = Release|Any CPU
	EndGlobalSection
	GlobalSection(SolutionProperties) = preSolution
		HideSolutionNode = FALSE
	EndGlobalSection
	GlobalSection(ExtensibilityGlobals) = postSolution
		SolutionGuid = {ED3ABAE2-76C6-4408-911D-B66FE09E7368}
	EndGlobalSection
EndGlobal
