
Microsoft Visual Studio Solution File, Format Version 12.00
# Visual Studio Version 16
VisualStudioVersion = 25.0.1706.3
MinimumVisualStudioVersion = 10.0.40219.1
Project("{FAE04EC0-301F-11D3-BF4B-00C04F79EFBC}") = "Billetes", "Billetes\Billetes.csproj", "{E62B00C7-0CB4-4BE3-9386-A3BCDA8E7DE9}"
EndProject
Global
	GlobalSection(SolutionConfigurationPlatforms) = preSolution
		Debug|Any CPU = Debug|Any CPU
		Release|Any CPU = Release|Any CPU
	EndGlobalSection
	GlobalSection(ProjectConfigurationPlatforms) = postSolution
		{E62B00C7-0CB4-4BE3-9386-A3BCDA8E7DE9}.Debug|Any CPU.ActiveCfg = Debug|Any CPU
		{E62B00C7-0CB4-4BE3-9386-A3BCDA8E7DE9}.Debug|Any CPU.Build.0 = Debug|Any CPU
		{E62B00C7-0CB4-4BE3-9386-A3BCDA8E7DE9}.Release|Any CPU.ActiveCfg = Release|Any CPU
		{E62B00C7-0CB4-4BE3-9386-A3BCDA8E7DE9}.Release|Any CPU.Build.0 = Release|Any CPU
	EndGlobalSection
	GlobalSection(SolutionProperties) = preSolution
		HideSolutionNode = FALSE
	EndGlobalSection
	GlobalSection(ExtensibilityGlobals) = postSolution
		SolutionGuid = {0AB9B128-758F-470D-B36D-B4BD3A7A676F}
	EndGlobalSection
EndGlobal
